// !$*UTF8*$!
{
	archiveVersion = 1;
	classes = {
	};
	objectVersion = 55;
	objects = {

/* Begin PBXBuildFile section */
		C47FE6BB2992DEB8000F28B6 /* WebViewController.swift in Sources */ = {isa = PBXBuildFile; fileRef = C47FE6BA2992DEB8000F28B6 /* WebViewController.swift */; };
		C49D370F2992D75A00D95A01 /* UIView+Extension.swift in Sources */ = {isa = PBXBuildFile; fileRef = C49D370E2992D75A00D95A01 /* UIView+Extension.swift */; };
		C49D37112992D79700D95A01 /* String+Extension.swift in Sources */ = {isa = PBXBuildFile; fileRef = C49D37102992D79700D95A01 /* String+Extension.swift */; };
		C49D37132992D7C100D95A01 /* ConstantUIComponets.swift in Sources */ = {isa = PBXBuildFile; fileRef = C49D37122992D7C100D95A01 /* ConstantUIComponets.swift */; };
		C49D37172992D82100D95A01 /* ConstantsApi.swift in Sources */ = {isa = PBXBuildFile; fileRef = C49D37162992D82100D95A01 /* ConstantsApi.swift */; };
		C4A19515298F05D7008BE6C5 /* AppDelegate.swift in Sources */ = {isa = PBXBuildFile; fileRef = C4A19514298F05D7008BE6C5 /* AppDelegate.swift */; };
		C4A19517298F05D7008BE6C5 /* SceneDelegate.swift in Sources */ = {isa = PBXBuildFile; fileRef = C4A19516298F05D7008BE6C5 /* SceneDelegate.swift */; };
		C4A1951C298F05D7008BE6C5 /* Main.storyboard in Resources */ = {isa = PBXBuildFile; fileRef = C4A1951A298F05D7008BE6C5 /* Main.storyboard */; };
		C4A1951E298F05D7008BE6C5 /* Assets.xcassets in Resources */ = {isa = PBXBuildFile; fileRef = C4A1951D298F05D7008BE6C5 /* Assets.xcassets */; };
		C4A19521298F05D7008BE6C5 /* LaunchScreen.storyboard in Resources */ = {isa = PBXBuildFile; fileRef = C4A1951F298F05D7008BE6C5 /* LaunchScreen.storyboard */; };
		C4FFB16C298F06B000E2A1DB /* RxNewsTableViewController.swift in Sources */ = {isa = PBXBuildFile; fileRef = C4FFB16B298F06B000E2A1DB /* RxNewsTableViewController.swift */; };
		C4FFB16F298F0C2C00E2A1DB /* RxCocoa in Frameworks */ = {isa = PBXBuildFile; productRef = C4FFB16E298F0C2C00E2A1DB /* RxCocoa */; };
		C4FFB171298F0D3000E2A1DB /* NewsModel.swift in Sources */ = {isa = PBXBuildFile; fileRef = C4FFB170298F0D3000E2A1DB /* NewsModel.swift */; };
		C4FFB174298F0DE900E2A1DB /* Kingfisher in Frameworks */ = {isa = PBXBuildFile; productRef = C4FFB173298F0DE900E2A1DB /* Kingfisher */; };
		C4FFB176298F14F400E2A1DB /* ArticleCell.swift in Sources */ = {isa = PBXBuildFile; fileRef = C4FFB175298F14F400E2A1DB /* ArticleCell.swift */; };
		C4FFB178298F19F500E2A1DB /* URLRequest+Extension.swift in Sources */ = {isa = PBXBuildFile; fileRef = C4FFB177298F19F500E2A1DB /* URLRequest+Extension.swift */; };
/* End PBXBuildFile section */

/* Begin PBXFileReference section */
		C47FE6BA2992DEB8000F28B6 /* WebViewController.swift */ = {isa = PBXFileReference; lastKnownFileType = sourcecode.swift; path = WebViewController.swift; sourceTree = "<group>"; };
		C49D370E2992D75A00D95A01 /* UIView+Extension.swift */ = {isa = PBXFileReference; lastKnownFileType = sourcecode.swift; path = "UIView+Extension.swift"; sourceTree = "<group>"; };
		C49D37102992D79700D95A01 /* String+Extension.swift */ = {isa = PBXFileReference; lastKnownFileType = sourcecode.swift; path = "String+Extension.swift"; sourceTree = "<group>"; };
		C49D37122992D7C100D95A01 /* ConstantUIComponets.swift */ = {isa = PBXFileReference; lastKnownFileType = sourcecode.swift; path = ConstantUIComponets.swift; sourceTree = "<group>"; };
		C49D37162992D82100D95A01 /* ConstantsApi.swift */ = {isa = PBXFileReference; lastKnownFileType = sourcecode.swift; path = ConstantsApi.swift; sourceTree = "<group>"; };
		C4A19511298F05D7008BE6C5 /* RxNews.app */ = {isa = PBXFileReference; explicitFileType = wrapper.application; includeInIndex = 0; path = RxNews.app; sourceTree = BUILT_PRODUCTS_DIR; };
		C4A19514298F05D7008BE6C5 /* AppDelegate.swift */ = {isa = PBXFileReference; lastKnownFileType = sourcecode.swift; path = AppDelegate.swift; sourceTree = "<group>"; };
		C4A19516298F05D7008BE6C5 /* SceneDelegate.swift */ = {isa = PBXFileReference; lastKnownFileType = sourcecode.swift; path = SceneDelegate.swift; sourceTree = "<group>"; };
		C4A1951B298F05D7008BE6C5 /* Base */ = {isa = PBXFileReference; lastKnownFileType = file.storyboard; name = Base; path = Base.lproj/Main.storyboard; sourceTree = "<group>"; };
		C4A1951D298F05D7008BE6C5 /* Assets.xcassets */ = {isa = PBXFileReference; lastKnownFileType = folder.assetcatalog; path = Assets.xcassets; sourceTree = "<group>"; };
		C4A19520298F05D7008BE6C5 /* Base */ = {isa = PBXFileReference; lastKnownFileType = file.storyboard; name = Base; path = Base.lproj/LaunchScreen.storyboard; sourceTree = "<group>"; };
		C4A19522298F05D7008BE6C5 /* Info.plist */ = {isa = PBXFileReference; lastKnownFileType = text.plist.xml; path = Info.plist; sourceTree = "<group>"; };
		C4FFB16B298F06B000E2A1DB /* RxNewsTableViewController.swift */ = {isa = PBXFileReference; lastKnownFileType = sourcecode.swift; path = RxNewsTableViewController.swift; sourceTree = "<group>"; };
		C4FFB170298F0D3000E2A1DB /* NewsModel.swift */ = {isa = PBXFileReference; lastKnownFileType = sourcecode.swift; path = NewsModel.swift; sourceTree = "<group>"; };
		C4FFB175298F14F400E2A1DB /* ArticleCell.swift */ = {isa = PBXFileReference; lastKnownFileType = sourcecode.swift; path = ArticleCell.swift; sourceTree = "<group>"; };
		C4FFB177298F19F500E2A1DB /* URLRequest+Extension.swift */ = {isa = PBXFileReference; lastKnownFileType = sourcecode.swift; path = "URLRequest+Extension.swift"; sourceTree = "<group>"; };
/* End PBXFileReference section */

/* Begin PBXFrameworksBuildPhase section */
		C4A1950E298F05D6008BE6C5 /* Frameworks */ = {
			isa = PBXFrameworksBuildPhase;
			buildActionMask = 2147483647;
			files = (
				C4FFB174298F0DE900E2A1DB /* Kingfisher in Frameworks */,
				C4FFB16F298F0C2C00E2A1DB /* RxCocoa in Frameworks */,
			);
			runOnlyForDeploymentPostprocessing = 0;
		};
/* End PBXFrameworksBuildPhase section */

/* Begin PBXGroup section */
		C47FE6BC2992DEC0000F28B6 /* Web Page */ = {
			isa = PBXGroup;
			children = (
				C47FE6BA2992DEB8000F28B6 /* WebViewController.swift */,
			);
			path = "Web Page";
			sourceTree = "<group>";
		};
		C49D370D2992D74500D95A01 /* Extensions */ = {
			isa = PBXGroup;
			children = (
				C4FFB177298F19F500E2A1DB /* URLRequest+Extension.swift */,
				C49D370E2992D75A00D95A01 /* UIView+Extension.swift */,
				C49D37102992D79700D95A01 /* String+Extension.swift */,
			);
			path = Extensions;
			sourceTree = "<group>";
		};
		C49D37142992D7D800D95A01 /* Constants */ = {
			isa = PBXGroup;
			children = (
				C49D37122992D7C100D95A01 /* ConstantUIComponets.swift */,
				C49D37162992D82100D95A01 /* ConstantsApi.swift */,
			);
			path = Constants;
			sourceTree = "<group>";
		};
		C49D37152992D81000D95A01 /* Model */ = {
			isa = PBXGroup;
			children = (
				C4FFB170298F0D3000E2A1DB /* NewsModel.swift */,
			);
			path = Model;
			sourceTree = "<group>";
		};
		C49D37182992D86F00D95A01 /* Main Page */ = {
			isa = PBXGroup;
			children = (
				C4FFB16B298F06B000E2A1DB /* RxNewsTableViewController.swift */,
				C4FFB175298F14F400E2A1DB /* ArticleCell.swift */,
			);
			path = "Main Page";
			sourceTree = "<group>";
		};
		C49D37192992DA1F00D95A01 /* Common */ = {
			isa = PBXGroup;
			children = (
				C4A1951A298F05D7008BE6C5 /* Main.storyboard */,
				C4A1951F298F05D7008BE6C5 /* LaunchScreen.storyboard */,
				C4A19514298F05D7008BE6C5 /* AppDelegate.swift */,
				C4A19516298F05D7008BE6C5 /* SceneDelegate.swift */,
				C4A1951D298F05D7008BE6C5 /* Assets.xcassets */,
			);
			path = Common;
			sourceTree = "<group>";
		};
		C4A19508298F05D6008BE6C5 = {
			isa = PBXGroup;
			children = (
				C4A19513298F05D7008BE6C5 /* RxNews */,
				C4A19512298F05D7008BE6C5 /* Products */,
			);
			sourceTree = "<group>";
		};
		C4A19512298F05D7008BE6C5 /* Products */ = {
			isa = PBXGroup;
			children = (
				C4A19511298F05D7008BE6C5 /* RxNews.app */,
			);
			name = Products;
			sourceTree = "<group>";
		};
		C4A19513298F05D7008BE6C5 /* RxNews */ = {
			isa = PBXGroup;
			children = (
				C4A19522298F05D7008BE6C5 /* Info.plist */,
				C49D37152992D81000D95A01 /* Model */,
				C49D370D2992D74500D95A01 /* Extensions */,
				C49D37142992D7D800D95A01 /* Constants */,
				C49D37182992D86F00D95A01 /* Main Page */,
				C47FE6BC2992DEC0000F28B6 /* Web Page */,
				C49D37192992DA1F00D95A01 /* Common */,
			);
			path = RxNews;
			sourceTree = "<group>";
		};
/* End PBXGroup section */

/* Begin PBXNativeTarget section */
		C4A19510298F05D6008BE6C5 /* RxNews */ = {
			isa = PBXNativeTarget;
			buildConfigurationList = C4A19525298F05D7008BE6C5 /* Build configuration list for PBXNativeTarget "RxNews" */;
			buildPhases = (
				C4A1950D298F05D6008BE6C5 /* Sources */,
				C4A1950E298F05D6008BE6C5 /* Frameworks */,
				C4A1950F298F05D6008BE6C5 /* Resources */,
			);
			buildRules = (
			);
			dependencies = (
			);
			name = RxNews;
			packageProductDependencies = (
				C4FFB16E298F0C2C00E2A1DB /* RxCocoa */,
				C4FFB173298F0DE900E2A1DB /* Kingfisher */,
			);
			productName = RxNews;
			productReference = C4A19511298F05D7008BE6C5 /* RxNews.app */;
			productType = "com.apple.product-type.application";
		};
/* End PBXNativeTarget section */

/* Begin PBXProject section */
		C4A19509298F05D6008BE6C5 /* Project object */ = {
			isa = PBXProject;
			attributes = {
				BuildIndependentTargetsInParallel = 1;
				LastSwiftUpdateCheck = 1340;
				LastUpgradeCheck = 1340;
				TargetAttributes = {
					C4A19510298F05D6008BE6C5 = {
						CreatedOnToolsVersion = 13.4.1;
					};
				};
			};
			buildConfigurationList = C4A1950C298F05D6008BE6C5 /* Build configuration list for PBXProject "RxNews" */;
			compatibilityVersion = "Xcode 13.0";
			developmentRegion = en;
			hasScannedForEncodings = 0;
			knownRegions = (
				en,
				Base,
			);
			mainGroup = C4A19508298F05D6008BE6C5;
			packageReferences = (
				C4FFB16D298F0C2C00E2A1DB /* XCRemoteSwiftPackageReference "RxSwift" */,
				C4FFB172298F0DE900E2A1DB /* XCRemoteSwiftPackageReference "Kingfisher" */,
			);
			productRefGroup = C4A19512298F05D7008BE6C5 /* Products */;
			projectDirPath = "";
			projectRoot = "";
			targets = (
				C4A19510298F05D6008BE6C5 /* RxNews */,
			);
		};
/* End PBXProject section */

/* Begin PBXResourcesBuildPhase section */
		C4A1950F298F05D6008BE6C5 /* Resources */ = {
			isa = PBXResourcesBuildPhase;
			buildActionMask = 2147483647;
			files = (
				C4A19521298F05D7008BE6C5 /* LaunchScreen.storyboard in Resources */,
				C4A1951E298F05D7008BE6C5 /* Assets.xcassets in Resources */,
				C4A1951C298F05D7008BE6C5 /* Main.storyboard in Resources */,
			);
			runOnlyForDeploymentPostprocessing = 0;
		};
/* End PBXResourcesBuildPhase section */

/* Begin PBXSourcesBuildPhase section */
		C4A1950D298F05D6008BE6C5 /* Sources */ = {
			isa = PBXSourcesBuildPhase;
			buildActionMask = 2147483647;
			files = (
				C49D37112992D79700D95A01 /* String+Extension.swift in Sources */,
				C47FE6BB2992DEB8000F28B6 /* WebViewController.swift in Sources */,
				C4FFB171298F0D3000E2A1DB /* NewsModel.swift in Sources */,
				C49D370F2992D75A00D95A01 /* UIView+Extension.swift in Sources */,
				C4FFB178298F19F500E2A1DB /* URLRequest+Extension.swift in Sources */,
				C4FFB16C298F06B000E2A1DB /* RxNewsTableViewController.swift in Sources */,
				C4A19515298F05D7008BE6C5 /* AppDelegate.swift in Sources */,
				C49D37172992D82100D95A01 /* ConstantsApi.swift in Sources */,
				C49D37132992D7C100D95A01 /* ConstantUIComponets.swift in Sources */,
				C4FFB176298F14F400E2A1DB /* ArticleCell.swift in Sources */,
				C4A19517298F05D7008BE6C5 /* SceneDelegate.swift in Sources */,
			);
			runOnlyForDeploymentPostprocessing = 0;
		};
/* End PBXSourcesBuildPhase section */

/* Begin PBXVariantGroup section */
		C4A1951A298F05D7008BE6C5 /* Main.storyboard */ = {
			isa = PBXVariantGroup;
			children = (
				C4A1951B298F05D7008BE6C5 /* Base */,
			);
			name = Main.storyboard;
			sourceTree = "<group>";
		};
		C4A1951F298F05D7008BE6C5 /* LaunchScreen.storyboard */ = {
			isa = PBXVariantGroup;
			children = (
				C4A19520298F05D7008BE6C5 /* Base */,
			);
			name = LaunchScreen.storyboard;
			sourceTree = "<group>";
		};
/* End PBXVariantGroup section */

/* Begin XCBuildConfiguration section */
		C4A19523298F05D7008BE6C5 /* Debug */ = {
			isa = XCBuildConfiguration;
			buildSettings = {
				ALWAYS_SEARCH_USER_PATHS = NO;
				CLANG_ANALYZER_NONNULL = YES;
				CLANG_ANALYZER_NUMBER_OBJECT_CONVERSION = YES_AGGRESSIVE;
				CLANG_CXX_LANGUAGE_STANDARD = "gnu++17";
				CLANG_ENABLE_MODULES = YES;
				CLANG_ENABLE_OBJC_ARC = YES;
				CLANG_ENABLE_OBJC_WEAK = YES;
				CLANG_WARN_BLOCK_CAPTURE_AUTORELEASING = YES;
				CLANG_WARN_BOOL_CONVERSION = YES;
				CLANG_WARN_COMMA = YES;
				CLANG_WARN_CONSTANT_CONVERSION = YES;
				CLANG_WARN_DEPRECATED_OBJC_IMPLEMENTATIONS = YES;
				CLANG_WARN_DIRECT_OBJC_ISA_USAGE = YES_ERROR;
				CLANG_WARN_DOCUMENTATION_COMMENTS = YES;
				CLANG_WARN_EMPTY_BODY = YES;
				CLANG_WARN_ENUM_CONVERSION = YES;
				CLANG_WARN_INFINITE_RECURSION = YES;
				CLANG_WARN_INT_CONVERSION = YES;
				CLANG_WARN_NON_LITERAL_NULL_CONVERSION = YES;
				CLANG_WARN_OBJC_IMPLICIT_RETAIN_SELF = YES;
				CLANG_WARN_OBJC_LITERAL_CONVERSION = YES;
				CLANG_WARN_OBJC_ROOT_CLASS = YES_ERROR;
				CLANG_WARN_QUOTED_INCLUDE_IN_FRAMEWORK_HEADER = YES;
				CLANG_WARN_RANGE_LOOP_ANALYSIS = YES;
				CLANG_WARN_STRICT_PROTOTYPES = YES;
				CLANG_WARN_SUSPICIOUS_MOVE = YES;
				CLANG_WARN_UNGUARDED_AVAILABILITY = YES_AGGRESSIVE;
				CLANG_WARN_UNREACHABLE_CODE = YES;
				CLANG_WARN__DUPLICATE_METHOD_MATCH = YES;
				COPY_PHASE_STRIP = NO;
				DEBUG_INFORMATION_FORMAT = dwarf;
				ENABLE_STRICT_OBJC_MSGSEND = YES;
				ENABLE_TESTABILITY = YES;
				GCC_C_LANGUAGE_STANDARD = gnu11;
				GCC_DYNAMIC_NO_PIC = NO;
				GCC_NO_COMMON_BLOCKS = YES;
				GCC_OPTIMIZATION_LEVEL = 0;
				GCC_PREPROCESSOR_DEFINITIONS = (
					"DEBUG=1",
					"$(inherited)",
				);
				GCC_WARN_64_TO_32_BIT_CONVERSION = YES;
				GCC_WARN_ABOUT_RETURN_TYPE = YES_ERROR;
				GCC_WARN_UNDECLARED_SELECTOR = YES;
				GCC_WARN_UNINITIALIZED_AUTOS = YES_AGGRESSIVE;
				GCC_WARN_UNUSED_FUNCTION = YES;
				GCC_WARN_UNUSED_VARIABLE = YES;
				IPHONEOS_DEPLOYMENT_TARGET = 15.5;
				MTL_ENABLE_DEBUG_INFO = INCLUDE_SOURCE;
				MTL_FAST_MATH = YES;
				ONLY_ACTIVE_ARCH = YES;
				SDKROOT = iphoneos;
				SWIFT_ACTIVE_COMPILATION_CONDITIONS = DEBUG;
				SWIFT_OPTIMIZATION_LEVEL = "-Onone";
			};
			name = Debug;
		};
		C4A19524298F05D7008BE6C5 /* Release */ = {
			isa = XCBuildConfiguration;
			buildSettings = {
				ALWAYS_SEARCH_USER_PATHS = NO;
				CLANG_ANALYZER_NONNULL = YES;
				CLANG_ANALYZER_NUMBER_OBJECT_CONVERSION = YES_AGGRESSIVE;
				CLANG_CXX_LANGUAGE_STANDARD = "gnu++17";
				CLANG_ENABLE_MODULES = YES;
				CLANG_ENABLE_OBJC_ARC = YES;
				CLANG_ENABLE_OBJC_WEAK = YES;
				CLANG_WARN_BLOCK_CAPTURE_AUTORELEASING = YES;
				CLANG_WARN_BOOL_CONVERSION = YES;
				CLANG_WARN_COMMA = YES;
				CLANG_WARN_CONSTANT_CONVERSION = YES;
				CLANG_WARN_DEPRECATED_OBJC_IMPLEMENTATIONS = YES;
				CLANG_WARN_DIRECT_OBJC_ISA_USAGE = YES_ERROR;
				CLANG_WARN_DOCUMENTATION_COMMENTS = YES;
				CLANG_WARN_EMPTY_BODY = YES;
				CLANG_WARN_ENUM_CONVERSION = YES;
				CLANG_WARN_INFINITE_RECURSION = YES;
				CLANG_WARN_INT_CONVERSION = YES;
				CLANG_WARN_NON_LITERAL_NULL_CONVERSION = YES;
				CLANG_WARN_OBJC_IMPLICIT_RETAIN_SELF = YES;
				CLANG_WARN_OBJC_LITERAL_CONVERSION = YES;
				CLANG_WARN_OBJC_ROOT_CLASS = YES_ERROR;
				CLANG_WARN_QUOTED_INCLUDE_IN_FRAMEWORK_HEADER = YES;
				CLANG_WARN_RANGE_LOOP_ANALYSIS = YES;
				CLANG_WARN_STRICT_PROTOTYPES = YES;
				CLANG_WARN_SUSPICIOUS_MOVE = YES;
				CLANG_WARN_UNGUARDED_AVAILABILITY = YES_AGGRESSIVE;
				CLANG_WARN_UNREACHABLE_CODE = YES;
				CLANG_WARN__DUPLICATE_METHOD_MATCH = YES;
				COPY_PHASE_STRIP = NO;
				DEBUG_INFORMATION_FORMAT = "dwarf-with-dsym";
				ENABLE_NS_ASSERTIONS = NO;
				ENABLE_STRICT_OBJC_MSGSEND = YES;
				GCC_C_LANGUAGE_STANDARD = gnu11;
				GCC_NO_COMMON_BLOCKS = YES;
				GCC_WARN_64_TO_32_BIT_CONVERSION = YES;
				GCC_WARN_ABOUT_RETURN_TYPE = YES_ERROR;
				GCC_WARN_UNDECLARED_SELECTOR = YES;
				GCC_WARN_UNINITIALIZED_AUTOS = YES_AGGRESSIVE;
				GCC_WARN_UNUSED_FUNCTION = YES;
				GCC_WARN_UNUSED_VARIABLE = YES;
				IPHONEOS_DEPLOYMENT_TARGET = 15.5;
				MTL_ENABLE_DEBUG_INFO = NO;
				MTL_FAST_MATH = YES;
				SDKROOT = iphoneos;
				SWIFT_COMPILATION_MODE = wholemodule;
				SWIFT_OPTIMIZATION_LEVEL = "-O";
				VALIDATE_PRODUCT = YES;
			};
			name = Release;
		};
		C4A19526298F05D7008BE6C5 /* Debug */ = {
			isa = XCBuildConfiguration;
			buildSettings = {
				ASSETCATALOG_COMPILER_APPICON_NAME = AppIcon;
				ASSETCATALOG_COMPILER_GLOBAL_ACCENT_COLOR_NAME = AccentColor;
				CODE_SIGN_STYLE = Automatic;
				CURRENT_PROJECT_VERSION = 1;
				DEVELOPMENT_TEAM = 2K6R4XFXZB;
				GENERATE_INFOPLIST_FILE = YES;
				INFOPLIST_FILE = RxNews/Info.plist;
				INFOPLIST_KEY_UIApplicationSupportsIndirectInputEvents = YES;
				INFOPLIST_KEY_UILaunchStoryboardName = LaunchScreen;
				INFOPLIST_KEY_UIMainStoryboardFile = Main;
				INFOPLIST_KEY_UISupportedInterfaceOrientations_iPad = "UIInterfaceOrientationPortrait UIInterfaceOrientationPortraitUpsideDown UIInterfaceOrientationLandscapeLeft UIInterfaceOrientationLandscapeRight";
				INFOPLIST_KEY_UISupportedInterfaceOrientations_iPhone = "UIInterfaceOrientationPortrait UIInterfaceOrientationLandscapeLeft UIInterfaceOrientationLandscapeRight";
				LD_RUNPATH_SEARCH_PATHS = (
					"$(inherited)",
					"@executable_path/Frameworks",
				);
				MARKETING_VERSION = 1.0;
				PRODUCT_BUNDLE_IDENTIFIER = SezginCiftci.RxNews;
				PRODUCT_NAME = "$(TARGET_NAME)";
				SWIFT_EMIT_LOC_STRINGS = YES;
				SWIFT_VERSION = 5.0;
				TARGETED_DEVICE_FAMILY = "1,2";
			};
			name = Debug;
		};
		C4A19527298F05D7008BE6C5 /* Release */ = {
			isa = XCBuildConfiguration;
			buildSettings = {
				ASSETCATALOG_COMPILER_APPICON_NAME = AppIcon;
				ASSETCATALOG_COMPILER_GLOBAL_ACCENT_COLOR_NAME = AccentColor;
				CODE_SIGN_STYLE = Automatic;
				CURRENT_PROJECT_VERSION = 1;
				DEVELOPMENT_TEAM = 2K6R4XFXZB;
				GENERATE_INFOPLIST_FILE = YES;
				INFOPLIST_FILE = RxNews/Info.plist;
				INFOPLIST_KEY_UIApplicationSupportsIndirectInputEvents = YES;
				INFOPLIST_KEY_UILaunchStoryboardName = LaunchScreen;
				INFOPLIST_KEY_UIMainStoryboardFile = Main;
				INFOPLIST_KEY_UISupportedInterfaceOrientations_iPad = "UIInterfaceOrientationPortrait UIInterfaceOrientationPortraitUpsideDown UIInterfaceOrientationLandscapeLeft UIInterfaceOrientationLandscapeRight";
				INFOPLIST_KEY_UISupportedInterfaceOrientations_iPhone = "UIInterfaceOrientationPortrait UIInterfaceOrientationLandscapeLeft UIInterfaceOrientationLandscapeRight";
				LD_RUNPATH_SEARCH_PATHS = (
					"$(inherited)",
					"@executable_path/Frameworks",
				);
				MARKETING_VERSION = 1.0;
				PRODUCT_BUNDLE_IDENTIFIER = SezginCiftci.RxNews;
				PRODUCT_NAME = "$(TARGET_NAME)";
				SWIFT_EMIT_LOC_STRINGS = YES;
				SWIFT_VERSION = 5.0;
				TARGETED_DEVICE_FAMILY = "1,2";
			};
			name = Release;
		};
/* End XCBuildConfiguration section */

/* Begin XCConfigurationList section */
		C4A1950C298F05D6008BE6C5 /* Build configuration list for PBXProject "RxNews" */ = {
			isa = XCConfigurationList;
			buildConfigurations = (
				C4A19523298F05D7008BE6C5 /* Debug */,
				C4A19524298F05D7008BE6C5 /* Release */,
			);
			defaultConfigurationIsVisible = 0;
			defaultConfigurationName = Release;
		};
		C4A19525298F05D7008BE6C5 /* Build configuration list for PBXNativeTarget "RxNews" */ = {
			isa = XCConfigurationList;
			buildConfigurations = (
				C4A19526298F05D7008BE6C5 /* Debug */,
				C4A19527298F05D7008BE6C5 /* Release */,
			);
			defaultConfigurationIsVisible = 0;
			defaultConfigurationName = Release;
		};
/* End XCConfigurationList section */

/* Begin XCRemoteSwiftPackageReference section */
		C4FFB16D298F0C2C00E2A1DB /* XCRemoteSwiftPackageReference "RxSwift" */ = {
			isa = XCRemoteSwiftPackageReference;
			repositoryURL = "https://github.com/ReactiveX/RxSwift.git";
			requirement = {
				kind = upToNextMajorVersion;
				minimumVersion = 6.0.0;
			};
		};
		C4FFB172298F0DE900E2A1DB /* XCRemoteSwiftPackageReference "Kingfisher" */ = {
			isa = XCRemoteSwiftPackageReference;
			repositoryURL = "https://github.com/onevcat/Kingfisher.git";
			requirement = {
				branch = master;
				kind = branch;
			};
		};
/* End XCRemoteSwiftPackageReference section */

/* Begin XCSwiftPackageProductDependency section */
		C4FFB16E298F0C2C00E2A1DB /* RxCocoa */ = {
			isa = XCSwiftPackageProductDependency;
			package = C4FFB16D298F0C2C00E2A1DB /* XCRemoteSwiftPackageReference "RxSwift" */;
			productName = RxCocoa;
		};
		C4FFB173298F0DE900E2A1DB /* Kingfisher */ = {
			isa = XCSwiftPackageProductDependency;
			package = C4FFB172298F0DE900E2A1DB /* XCRemoteSwiftPackageReference "Kingfisher" */;
			productName = Kingfisher;
		};
/* End XCSwiftPackageProductDependency section */
	};
	rootObject = C4A19509298F05D6008BE6C5 /* Project object */;
}
